
Microsoft Visual Studio Solution File, Format Version 12.00
# Visual Studio Version 17
VisualStudioVersion = 17.4.33110.190
MinimumVisualStudioVersion = 10.0.40219.1
Project("{FAE04EC0-301F-11D3-BF4B-00C04F79EFBC}") = "ContactsAPI", "ContactAPI\ContactsAPI.csproj", "{35CB7868-8FFF-470E-ABD0-3E1B1F2EDEE9}"
EndProject
Global
	GlobalSection(SolutionConfigurationPlatforms) = preSolution
		Debug|Any CPU = Debug|Any CPU
		Release|Any CPU = Release|Any CPU
	EndGlobalSection
	GlobalSection(ProjectConfigurationPlatforms) = postSolution
		{35CB7868-8FFF-470E-ABD0-3E1B1F2EDEE9}.Debug|Any CPU.ActiveCfg = Debug|Any CPU
		{35CB7868-8FFF-470E-ABD0-3E1B1F2EDEE9}.Debug|Any CPU.Build.0 = Debug|Any CPU
		{35CB7868-8FFF-470E-ABD0-3E1B1F2EDEE9}.Release|Any CPU.ActiveCfg = Release|Any CPU
		{35CB7868-8FFF-470E-ABD0-3E1B1F2EDEE9}.Release|Any CPU.Build.0 = Release|Any CPU
	EndGlobalSection
	GlobalSection(SolutionProperties) = preSolution
		HideSolutionNode = FALSE
	EndGlobalSection
	GlobalSection(ExtensibilityGlobals) = postSolution
		SolutionGuid = {75C13299-3597-43AA-A8B4-0E513EAA5DB6}
	EndGlobalSection
EndGlobal
