
Microsoft Visual Studio Solution File, Format Version 12.00
# Visual Studio Version 16
VisualStudioVersion = 16.0.31515.178
MinimumVisualStudioVersion = 10.0.40219.1
Project("{FAE04EC0-301F-11D3-BF4B-00C04F79EFBC}") = "Hello", "Hello\Hello.csproj", "{07DC1E8B-BEB0-4B54-8941-EA657D0991D2}"
EndProject
Global
	GlobalSection(SolutionConfigurationPlatforms) = preSolution
		Debug|Any CPU = Debug|Any CPU
		Release|Any CPU = Release|Any CPU
	EndGlobalSection
	GlobalSection(ProjectConfigurationPlatforms) = postSolution
		{07DC1E8B-BEB0-4B54-8941-EA657D0991D2}.Debug|Any CPU.ActiveCfg = Debug|Any CPU
		{07DC1E8B-BEB0-4B54-8941-EA657D0991D2}.Debug|Any CPU.Build.0 = Debug|Any CPU
		{07DC1E8B-BEB0-4B54-8941-EA657D0991D2}.Release|Any CPU.ActiveCfg = Release|Any CPU
		{07DC1E8B-BEB0-4B54-8941-EA657D0991D2}.Release|Any CPU.Build.0 = Release|Any CPU
	EndGlobalSection
	GlobalSection(SolutionProperties) = preSolution
		HideSolutionNode = FALSE
	EndGlobalSection
	GlobalSection(ExtensibilityGlobals) = postSolution
		SolutionGuid = {24C1D666-8990-4030-A3A3-4878B2EE6A5F}
	EndGlobalSection
EndGlobal
