
Microsoft Visual Studio Solution File, Format Version 12.00
# Visual Studio Version 17
VisualStudioVersion = 17.4.33110.190
MinimumVisualStudioVersion = 10.0.40219.1
Project("{FAE04EC0-301F-11D3-BF4B-00C04F79EFBC}") = "ContactsAPI", "ContactsAPI\ContactsAPI.csproj", "{AB4FC601-EED3-4509-A456-D81D872962E0}"
EndProject
Global
	GlobalSection(SolutionConfigurationPlatforms) = preSolution
		Debug|Any CPU = Debug|Any CPU
		Release|Any CPU = Release|Any CPU
	EndGlobalSection
	GlobalSection(ProjectConfigurationPlatforms) = postSolution
		{AB4FC601-EED3-4509-A456-D81D872962E0}.Debug|Any CPU.ActiveCfg = Debug|Any CPU
		{AB4FC601-EED3-4509-A456-D81D872962E0}.Debug|Any CPU.Build.0 = Debug|Any CPU
		{AB4FC601-EED3-4509-A456-D81D872962E0}.Release|Any CPU.ActiveCfg = Release|Any CPU
		{AB4FC601-EED3-4509-A456-D81D872962E0}.Release|Any CPU.Build.0 = Release|Any CPU
	EndGlobalSection
	GlobalSection(SolutionProperties) = preSolution
		HideSolutionNode = FALSE
	EndGlobalSection
	GlobalSection(ExtensibilityGlobals) = postSolution
		SolutionGuid = {A1CC0E49-8015-4824-BA14-A1B619BB88E6}
	EndGlobalSection
EndGlobal
