
Microsoft Visual Studio Solution File, Format Version 12.00
# Visual Studio Version 17
VisualStudioVersion = 17.4.33110.190
MinimumVisualStudioVersion = 10.0.40219.1
Project("{FAE04EC0-301F-11D3-BF4B-00C04F79EFBC}") = "LambdaExpression,FuncDelegate,OrderBy", "LambdaExpression\LambdaExpression,FuncDelegate,OrderBy.csproj", "{0ADED42E-7691-43D2-85F3-2A0F16779869}"
EndProject
Global
	GlobalSection(SolutionConfigurationPlatforms) = preSolution
		Debug|Any CPU = Debug|Any CPU
		Release|Any CPU = Release|Any CPU
	EndGlobalSection
	GlobalSection(ProjectConfigurationPlatforms) = postSolution
		{0ADED42E-7691-43D2-85F3-2A0F16779869}.Debug|Any CPU.ActiveCfg = Debug|Any CPU
		{0ADED42E-7691-43D2-85F3-2A0F16779869}.Debug|Any CPU.Build.0 = Debug|Any CPU
		{0ADED42E-7691-43D2-85F3-2A0F16779869}.Release|Any CPU.ActiveCfg = Release|Any CPU
		{0ADED42E-7691-43D2-85F3-2A0F16779869}.Release|Any CPU.Build.0 = Release|Any CPU
	EndGlobalSection
	GlobalSection(SolutionProperties) = preSolution
		HideSolutionNode = FALSE
	EndGlobalSection
	GlobalSection(ExtensibilityGlobals) = postSolution
		SolutionGuid = {2C7616C5-0041-47DA-9ADB-E80A08D5B261}
	EndGlobalSection
EndGlobal
